
Microsoft Visual Studio Solution File, Format Version 12.00
# Visual Studio 15
Project("{FAE04EC0-301F-11D3-BF4B-00C04F79EFBC}") = "Assembly-CSharp", "Assembly-CSharp.csproj", "{C95C31F8-4341-C51D-79B0-38E7C46DA1E6}"
EndProject
Global
	GlobalSection(SolutionConfigurationPlatforms) = preSolution
		Debug|Any CPU = Debug|Any CPU
		Release|Any CPU = Release|Any CPU
	EndGlobalSection
	GlobalSection(ProjectConfigurationPlatforms) = postSolution
		{C95C31F8-4341-C51D-79B0-38E7C46DA1E6}.Debug|Any CPU.ActiveCfg = Debug|Any CPU
		{C95C31F8-4341-C51D-79B0-38E7C46DA1E6}.Debug|Any CPU.Build.0 = Debug|Any CPU
		{C95C31F8-4341-C51D-79B0-38E7C46DA1E6}.Release|Any CPU.ActiveCfg = Release|Any CPU
		{C95C31F8-4341-C51D-79B0-38E7C46DA1E6}.Release|Any CPU.Build.0 = Release|Any CPU
	EndGlobalSection
	GlobalSection(SolutionProperties) = preSolution
		HideSolutionNode = FALSE
	EndGlobalSection
EndGlobal
