
Microsoft Visual Studio Solution File, Format Version 12.00
# Visual Studio 15
Project("{FAE04EC0-301F-11D3-BF4B-00C04F79EFBC}") = "Assembly-CSharp", "Assembly-CSharp.csproj", "{39C5127B-2FB5-B069-8DC3-10032C26083D}"
EndProject
Project("{FAE04EC0-301F-11D3-BF4B-00C04F79EFBC}") = "Assembly-CSharp-firstpass", "Assembly-CSharp-firstpass.csproj", "{3345C993-777F-C66F-38BF-766B4FB9C1FD}"
EndProject
Project("{FAE04EC0-301F-11D3-BF4B-00C04F79EFBC}") = "Assembly-CSharp-Editor-firstpass", "Assembly-CSharp-Editor-firstpass.csproj", "{31AC0AE6-DC91-D4E6-55C5-BA64A331F738}"
EndProject
Global
	GlobalSection(SolutionConfigurationPlatforms) = preSolution
		Debug|Any CPU = Debug|Any CPU
		Release|Any CPU = Release|Any CPU
	EndGlobalSection
	GlobalSection(ProjectConfigurationPlatforms) = postSolution
		{39C5127B-2FB5-B069-8DC3-10032C26083D}.Debug|Any CPU.ActiveCfg = Debug|Any CPU
		{39C5127B-2FB5-B069-8DC3-10032C26083D}.Debug|Any CPU.Build.0 = Debug|Any CPU
		{39C5127B-2FB5-B069-8DC3-10032C26083D}.Release|Any CPU.ActiveCfg = Release|Any CPU
		{39C5127B-2FB5-B069-8DC3-10032C26083D}.Release|Any CPU.Build.0 = Release|Any CPU
		{3345C993-777F-C66F-38BF-766B4FB9C1FD}.Debug|Any CPU.ActiveCfg = Debug|Any CPU
		{3345C993-777F-C66F-38BF-766B4FB9C1FD}.Debug|Any CPU.Build.0 = Debug|Any CPU
		{3345C993-777F-C66F-38BF-766B4FB9C1FD}.Release|Any CPU.ActiveCfg = Release|Any CPU
		{3345C993-777F-C66F-38BF-766B4FB9C1FD}.Release|Any CPU.Build.0 = Release|Any CPU
		{31AC0AE6-DC91-D4E6-55C5-BA64A331F738}.Debug|Any CPU.ActiveCfg = Debug|Any CPU
		{31AC0AE6-DC91-D4E6-55C5-BA64A331F738}.Debug|Any CPU.Build.0 = Debug|Any CPU
		{31AC0AE6-DC91-D4E6-55C5-BA64A331F738}.Release|Any CPU.ActiveCfg = Release|Any CPU
		{31AC0AE6-DC91-D4E6-55C5-BA64A331F738}.Release|Any CPU.Build.0 = Release|Any CPU
	EndGlobalSection
	GlobalSection(SolutionProperties) = preSolution
		HideSolutionNode = FALSE
	EndGlobalSection
EndGlobal
